PODS:
  - Alamofire (4.5.1)
  - ALCameraViewController (3.0.3)
  - INSPersistentContainer (1.0.2)
  - KeychainSwift (10.0.0)
  - OneSignal (2.7.1)
  - SDWebImage (4.1.2):
    - SDWebImage/Core (= 4.1.2)
  - SDWebImage/Core (4.1.2)
  - SkyFloatingLabelTextField (3.2.1)
  - SwiftSoup (1.5.5)
  - SWRevealViewController (2.3.0)

DEPENDENCIES:
  - Alamofire (~> 4.5.1)
  - ALCameraViewController
  - INSPersistentContainer
  - KeychainSwift (~> 10.0)
  - OneSignal (< 3.0, >= 2.6.2)
  - SDWebImage (~> 4.1.2)
  - SkyFloatingLabelTextField (~> 3.0)
  - SwiftSoup
  - SWRevealViewController

SPEC CHECKSUMS:
  Alamofire: 2d95912bf4c34f164fdfc335872e8c312acaea4a
  ALCameraViewController: 6398a9282057f709b87a1ecc52a83b48028ade64
  INSPersistentContainer: 7e04a0d332ba075441ce0ee73d584ce84d76ac23
  KeychainSwift: f9f7910449a0c0fd2cabc889121530dd2c477c33
  OneSignal: f300d08e05287f76a0ec7b2e7418f395437bb6d7
  SDWebImage: cb6f9f266a9977741efcbc21e618e8be3734c774
  SkyFloatingLabelTextField: 71d28906024e7d7e4460099b342f3ca7036a2e24
  SwiftSoup: 6a31eb02551c9c523eea14aef9d9e70f1466ff99
  SWRevealViewController: 6d3fd97f70112fd7cef9de14df4260eacce4c63a

PODFILE CHECKSUM: 03c7acb197ee55f2934ce7f00b5bd70451a15bd5

COCOAPODS: 1.4.0
