PODS:
  - Alamofire (4.5.1)
  - INSPersistentContainer (1.0.2)
  - SWRevealViewController (2.3.0)

DEPENDENCIES:
  - Alamofire (~> 4.5)
  - INSPersistentContainer
  - SWRevealViewController

SPEC CHECKSUMS:
  Alamofire: 2d95912bf4c34f164fdfc335872e8c312acaea4a
  INSPersistentContainer: 7e04a0d332ba075441ce0ee73d584ce84d76ac23
  SWRevealViewController: 6d3fd97f70112fd7cef9de14df4260eacce4c63a

PODFILE CHECKSUM: be980b12cfad2490bfee331deaff65b4ba797865

COCOAPODS: 1.2.1
